
Microsoft Visual Studio Solution File, Format Version 12.00
# Visual Studio 15
VisualStudioVersion = 15.0.27703.2026
MinimumVisualStudioVersion = 10.0.40219.1
Project("{FAE04EC0-301F-11D3-BF4B-00C04F79EFBC}") = "json_csv_convert", "json_csv_convert\json_csv_convert.csproj", "{37135BD7-D6D9-4429-A72F-FAA5C270A44B}"
EndProject
Global
	GlobalSection(SolutionConfigurationPlatforms) = preSolution
		Debug|Any CPU = Debug|Any CPU
		Release|Any CPU = Release|Any CPU
	EndGlobalSection
	GlobalSection(ProjectConfigurationPlatforms) = postSolution
		{37135BD7-D6D9-4429-A72F-FAA5C270A44B}.Debug|Any CPU.ActiveCfg = Debug|Any CPU
		{37135BD7-D6D9-4429-A72F-FAA5C270A44B}.Debug|Any CPU.Build.0 = Debug|Any CPU
		{37135BD7-D6D9-4429-A72F-FAA5C270A44B}.Release|Any CPU.ActiveCfg = Release|Any CPU
		{37135BD7-D6D9-4429-A72F-FAA5C270A44B}.Release|Any CPU.Build.0 = Release|Any CPU
	EndGlobalSection
	GlobalSection(SolutionProperties) = preSolution
		HideSolutionNode = FALSE
	EndGlobalSection
	GlobalSection(ExtensibilityGlobals) = postSolution
		SolutionGuid = {E50D095A-0657-463F-8160-E8719B187359}
	EndGlobalSection
EndGlobal
